{
  "name": "reveal.js",
  "version": "3.2.0",
  "lockfileVersion": 1,
  "requires": true,
  "dependencies": {
    "bleno": {
      "version": "0.4.2",
      "resolved": "https://registry.npmjs.org/bleno/-/bleno-0.4.2.tgz",
      "integrity": "sha1-IesK10O850eU45L0ph4TsHOT26o=",
      "requires": {
        "bplist-parser": "0.0.6",
        "debug": "2.6.9",
        "xpc-connection": "0.1.4"
      }
    },
    "bplist-parser": {
      "version": "0.0.6",
      "resolved": "https://registry.npmjs.org/bplist-parser/-/bplist-parser-0.0.6.tgz",
      "integrity": "sha1-ONo0cYF9+dRKs4kuJ3B7u9daEbk=",
      "optional": true
    },
    "debug": {
      "version": "2.6.9",
      "resolved": "https://registry.npmjs.org/debug/-/debug-2.6.9.tgz",
      "integrity": "sha512-bC7ElrdJaJnPbAP+1EotYvqZsb3ecl5wi6Bfi6BJTUcNowp6cvspg0jXznRTKDjm/E7AdgFBVeAPVMNcKGsHMA==",
      "requires": {
        "ms": "2.0.0"
      }
    },
    "eddystone-beacon": {
      "version": "1.0.7",
      "resolved": "https://registry.npmjs.org/eddystone-beacon/-/eddystone-beacon-1.0.7.tgz",
      "integrity": "sha1-oJuCAwzOzFyxTn19ISveR+IxsMY=",
      "requires": {
        "bleno": "0.4.2",
        "eddystone-url-encoding": "1.0.1"
      }
    },
    "eddystone-url-encoding": {
      "version": "1.0.1",
      "resolved": "https://registry.npmjs.org/eddystone-url-encoding/-/eddystone-url-encoding-1.0.1.tgz",
      "integrity": "sha1-opvBapxf1A73KszlRo2NPdLSRHM=",
      "requires": {
        "url-parse": "1.1.9"
      }
    },
    "ms": {
      "version": "2.0.0",
      "resolved": "https://registry.npmjs.org/ms/-/ms-2.0.0.tgz",
      "integrity": "sha1-VgiurfwAvmwpAd9fmGF4jeDVl8g="
    },
    "nan": {
      "version": "2.7.0",
      "resolved": "https://registry.npmjs.org/nan/-/nan-2.7.0.tgz",
      "integrity": "sha1-2Vv3IeyHfgjbJ27T/G63j5CDrUY=",
      "optional": true
    },
    "querystringify": {
      "version": "1.0.0",
      "resolved": "https://registry.npmjs.org/querystringify/-/querystringify-1.0.0.tgz",
      "integrity": "sha1-YoYkIRLFtxL6ZU5SZlK/ahP/Bcs="
    },
    "requires-port": {
      "version": "1.0.0",
      "resolved": "https://registry.npmjs.org/requires-port/-/requires-port-1.0.0.tgz",
      "integrity": "sha1-kl0mAdOaxIXgkc8NpcbmlNw9yv8="
    },
    "url-parse": {
      "version": "1.1.9",
      "resolved": "https://registry.npmjs.org/url-parse/-/url-parse-1.1.9.tgz",
      "integrity": "sha1-xn8dd11R8KGJEd17P/rSe7nlvRk=",
      "requires": {
        "querystringify": "1.0.0",
        "requires-port": "1.0.0"
      }
    },
    "xpc-connection": {
      "version": "0.1.4",
      "resolved": "https://registry.npmjs.org/xpc-connection/-/xpc-connection-0.1.4.tgz",
      "integrity": "sha1-3Nf6oq7Gt6bhjMXdrQQvejTHcVY=",
      "optional": true,
      "requires": {
        "nan": "2.7.0"
      }
    }
  }
}
